// !$*UTF8*$!
{
	archiveVersion = 1;
	classes = {
	};
	objectVersion = 55;
	objects = {

/* Begin PBXBuildFile section */
		CA2F0FDC285FE5B70037B8C6 /* Constants.swift in Sources */ = {isa = PBXBuildFile; fileRef = CA2F0FDB285FE5B70037B8C6 /* Constants.swift */; };
		CA2F0FDE285FE7C30037B8C6 /* Mobile Entities.swift in Sources */ = {isa = PBXBuildFile; fileRef = CA2F0FDD285FE7C30037B8C6 /* Mobile Entities.swift */; };
		CA2F0FE0285FE7F80037B8C6 /* WorldVM.swift in Sources */ = {isa = PBXBuildFile; fileRef = CA2F0FDF285FE7F80037B8C6 /* WorldVM.swift */; };
		CA592F4E285A816500DB9C6E /* Protect_HumanityApp.swift in Sources */ = {isa = PBXBuildFile; fileRef = CA592F4D285A816500DB9C6E /* Protect_HumanityApp.swift */; };
		CA592F50285A816500DB9C6E /* ContentView.swift in Sources */ = {isa = PBXBuildFile; fileRef = CA592F4F285A816500DB9C6E /* ContentView.swift */; };
		CA592F52285A816600DB9C6E /* Assets.xcassets in Resources */ = {isa = PBXBuildFile; fileRef = CA592F51285A816600DB9C6E /* Assets.xcassets */; };
		CA592F55285A816600DB9C6E /* Preview Assets.xcassets in Resources */ = {isa = PBXBuildFile; fileRef = CA592F54285A816600DB9C6E /* Preview Assets.xcassets */; };
		CA9A7734285F96FC008BF79B /* Protect_HumanityTests.swift in Sources */ = {isa = PBXBuildFile; fileRef = CA9A7733285F96FC008BF79B /* Protect_HumanityTests.swift */; };
/* End PBXBuildFile section */

/* Begin PBXContainerItemProxy section */
		CA9A7735285F96FC008BF79B /* PBXContainerItemProxy */ = {
			isa = PBXContainerItemProxy;
			containerPortal = CA592F42285A816500DB9C6E /* Project object */;
			proxyType = 1;
			remoteGlobalIDString = CA592F49285A816500DB9C6E;
			remoteInfo = "Protect Humanity";
		};
/* End PBXContainerItemProxy section */

/* Begin PBXFileReference section */
		CA2F0FDB285FE5B70037B8C6 /* Constants.swift */ = {isa = PBXFileReference; lastKnownFileType = sourcecode.swift; path = Constants.swift; sourceTree = "<group>"; };
		CA2F0FDD285FE7C30037B8C6 /* Mobile Entities.swift */ = {isa = PBXFileReference; lastKnownFileType = sourcecode.swift; path = "Mobile Entities.swift"; sourceTree = "<group>"; };
		CA2F0FDF285FE7F80037B8C6 /* WorldVM.swift */ = {isa = PBXFileReference; lastKnownFileType = sourcecode.swift; path = WorldVM.swift; sourceTree = "<group>"; };
		CA592F4A285A816500DB9C6E /* Protect_Humanity.app */ = {isa = PBXFileReference; explicitFileType = wrapper.application; includeInIndex = 0; path = Protect_Humanity.app; sourceTree = BUILT_PRODUCTS_DIR; };
		CA592F4D285A816500DB9C6E /* Protect_HumanityApp.swift */ = {isa = PBXFileReference; lastKnownFileType = sourcecode.swift; path = Protect_HumanityApp.swift; sourceTree = "<group>"; };
		CA592F4F285A816500DB9C6E /* ContentView.swift */ = {isa = PBXFileReference; lastKnownFileType = sourcecode.swift; path = ContentView.swift; sourceTree = "<group>"; };
		CA592F51285A816600DB9C6E /* Assets.xcassets */ = {isa = PBXFileReference; lastKnownFileType = folder.assetcatalog; path = Assets.xcassets; sourceTree = "<group>"; };
		CA592F54285A816600DB9C6E /* Preview Assets.xcassets */ = {isa = PBXFileReference; lastKnownFileType = folder.assetcatalog; path = "Preview Assets.xcassets"; sourceTree = "<group>"; };
		CA9A7731285F96FC008BF79B /* Protect_HumanityTests.xctest */ = {isa = PBXFileReference; explicitFileType = wrapper.cfbundle; includeInIndex = 0; path = Protect_HumanityTests.xctest; sourceTree = BUILT_PRODUCTS_DIR; };
		CA9A7733285F96FC008BF79B /* Protect_HumanityTests.swift */ = {isa = PBXFileReference; lastKnownFileType = sourcecode.swift; path = Protect_HumanityTests.swift; sourceTree = "<group>"; };
/* End PBXFileReference section */

/* Begin PBXFrameworksBuildPhase section */
		CA592F47285A816500DB9C6E /* Frameworks */ = {
			isa = PBXFrameworksBuildPhase;
			buildActionMask = 2147483647;
			files = (
			);
			runOnlyForDeploymentPostprocessing = 0;
		};
		CA9A772E285F96FC008BF79B /* Frameworks */ = {
			isa = PBXFrameworksBuildPhase;
			buildActionMask = 2147483647;
			files = (
			);
			runOnlyForDeploymentPostprocessing = 0;
		};
/* End PBXFrameworksBuildPhase section */

/* Begin PBXGroup section */
		CA592F41285A816500DB9C6E = {
			isa = PBXGroup;
			children = (
				CA592F4C285A816500DB9C6E /* Protect Humanity */,
				CA9A7732285F96FC008BF79B /* Protect HumanityTests */,
				CA592F4B285A816500DB9C6E /* Products */,
			);
			sourceTree = "<group>";
		};
		CA592F4B285A816500DB9C6E /* Products */ = {
			isa = PBXGroup;
			children = (
				CA592F4A285A816500DB9C6E /* Protect_Humanity.app */,
				CA9A7731285F96FC008BF79B /* Protect_HumanityTests.xctest */,
			);
			name = Products;
			sourceTree = "<group>";
		};
		CA592F4C285A816500DB9C6E /* Protect Humanity */ = {
			isa = PBXGroup;
			children = (
				CA2F0FDB285FE5B70037B8C6 /* Constants.swift */,
				CA592F4D285A816500DB9C6E /* Protect_HumanityApp.swift */,
				CA592F4F285A816500DB9C6E /* ContentView.swift */,
				CA2F0FDF285FE7F80037B8C6 /* WorldVM.swift */,
				CA2F0FDD285FE7C30037B8C6 /* Mobile Entities.swift */,
				CA592F51285A816600DB9C6E /* Assets.xcassets */,
				CA592F53285A816600DB9C6E /* Preview Content */,
			);
			path = "Protect Humanity";
			sourceTree = "<group>";
		};
		CA592F53285A816600DB9C6E /* Preview Content */ = {
			isa = PBXGroup;
			children = (
				CA592F54285A816600DB9C6E /* Preview Assets.xcassets */,
			);
			path = "Preview Content";
			sourceTree = "<group>";
		};
		CA9A7732285F96FC008BF79B /* Protect HumanityTests */ = {
			isa = PBXGroup;
			children = (
				CA9A7733285F96FC008BF79B /* Protect_HumanityTests.swift */,
			);
			path = "Protect HumanityTests";
			sourceTree = "<group>";
		};
/* End PBXGroup section */

/* Begin PBXNativeTarget section */
		CA592F49285A816500DB9C6E /* Protect_Humanity */ = {
			isa = PBXNativeTarget;
			buildConfigurationList = CA592F58285A816600DB9C6E /* Build configuration list for PBXNativeTarget "Protect_Humanity" */;
			buildPhases = (
				CA592F46285A816500DB9C6E /* Sources */,
				CA592F47285A816500DB9C6E /* Frameworks */,
				CA592F48285A816500DB9C6E /* Resources */,
			);
			buildRules = (
			);
			dependencies = (
			);
			name = Protect_Humanity;
			productName = "Protect Humanity";
			productReference = CA592F4A285A816500DB9C6E /* Protect_Humanity.app */;
			productType = "com.apple.product-type.application";
		};
		CA9A7730285F96FC008BF79B /* Protect_HumanityTests */ = {
			isa = PBXNativeTarget;
			buildConfigurationList = CA9A7739285F96FC008BF79B /* Build configuration list for PBXNativeTarget "Protect_HumanityTests" */;
			buildPhases = (
				CA9A772D285F96FC008BF79B /* Sources */,
				CA9A772E285F96FC008BF79B /* Frameworks */,
				CA9A772F285F96FC008BF79B /* Resources */,
			);
			buildRules = (
			);
			dependencies = (
				CA9A7736285F96FC008BF79B /* PBXTargetDependency */,
			);
			name = Protect_HumanityTests;
			productName = "Protect HumanityTests";
			productReference = CA9A7731285F96FC008BF79B /* Protect_HumanityTests.xctest */;
			productType = "com.apple.product-type.bundle.unit-test";
		};
/* End PBXNativeTarget section */

/* Begin PBXProject section */
		CA592F42285A816500DB9C6E /* Project object */ = {
			isa = PBXProject;
			attributes = {
				BuildIndependentTargetsInParallel = 1;
				LastSwiftUpdateCheck = 1340;
				LastUpgradeCheck = 1340;
				TargetAttributes = {
					CA592F49285A816500DB9C6E = {
						CreatedOnToolsVersion = 13.4.1;
					};
					CA9A7730285F96FC008BF79B = {
						CreatedOnToolsVersion = 13.4.1;
						TestTargetID = CA592F49285A816500DB9C6E;
					};
				};
			};
			buildConfigurationList = CA592F45285A816500DB9C6E /* Build configuration list for PBXProject "Protect_Humanity" */;
			compatibilityVersion = "Xcode 13.0";
			developmentRegion = en;
			hasScannedForEncodings = 0;
			knownRegions = (
				en,
				Base,
			);
			mainGroup = CA592F41285A816500DB9C6E;
			productRefGroup = CA592F4B285A816500DB9C6E /* Products */;
			projectDirPath = "";
			projectRoot = "";
			targets = (
				CA592F49285A816500DB9C6E /* Protect_Humanity */,
				CA9A7730285F96FC008BF79B /* Protect_HumanityTests */,
			);
		};
/* End PBXProject section */

/* Begin PBXResourcesBuildPhase section */
		CA592F48285A816500DB9C6E /* Resources */ = {
			isa = PBXResourcesBuildPhase;
			buildActionMask = 2147483647;
			files = (
				CA592F55285A816600DB9C6E /* Preview Assets.xcassets in Resources */,
				CA592F52285A816600DB9C6E /* Assets.xcassets in Resources */,
			);
			runOnlyForDeploymentPostprocessing = 0;
		};
		CA9A772F285F96FC008BF79B /* Resources */ = {
			isa = PBXResourcesBuildPhase;
			buildActionMask = 2147483647;
			files = (
			);
			runOnlyForDeploymentPostprocessing = 0;
		};
/* End PBXResourcesBuildPhase section */

/* Begin PBXSourcesBuildPhase section */
		CA592F46285A816500DB9C6E /* Sources */ = {
			isa = PBXSourcesBuildPhase;
			buildActionMask = 2147483647;
			files = (
				CA592F50285A816500DB9C6E /* ContentView.swift in Sources */,
				CA2F0FDE285FE7C30037B8C6 /* Mobile Entities.swift in Sources */,
				CA2F0FE0285FE7F80037B8C6 /* WorldVM.swift in Sources */,
				CA592F4E285A816500DB9C6E /* Protect_HumanityApp.swift in Sources */,
				CA2F0FDC285FE5B70037B8C6 /* Constants.swift in Sources */,
			);
			runOnlyForDeploymentPostprocessing = 0;
		};
		CA9A772D285F96FC008BF79B /* Sources */ = {
			isa = PBXSourcesBuildPhase;
			buildActionMask = 2147483647;
			files = (
				CA9A7734285F96FC008BF79B /* Protect_HumanityTests.swift in Sources */,
			);
			runOnlyForDeploymentPostprocessing = 0;
		};
/* End PBXSourcesBuildPhase section */

/* Begin PBXTargetDependency section */
		CA9A7736285F96FC008BF79B /* PBXTargetDependency */ = {
			isa = PBXTargetDependency;
			target = CA592F49285A816500DB9C6E /* Protect_Humanity */;
			targetProxy = CA9A7735285F96FC008BF79B /* PBXContainerItemProxy */;
		};
/* End PBXTargetDependency section */

/* Begin XCBuildConfiguration section */
		CA592F56285A816600DB9C6E /* Debug */ = {
			isa = XCBuildConfiguration;
			buildSettings = {
				ALWAYS_SEARCH_USER_PATHS = NO;
				CLANG_ANALYZER_NONNULL = YES;
				CLANG_ANALYZER_NUMBER_OBJECT_CONVERSION = YES_AGGRESSIVE;
				CLANG_CXX_LANGUAGE_STANDARD = "gnu++17";
				CLANG_ENABLE_MODULES = YES;
				CLANG_ENABLE_OBJC_ARC = YES;
				CLANG_ENABLE_OBJC_WEAK = YES;
				CLANG_WARN_BLOCK_CAPTURE_AUTORELEASING = YES;
				CLANG_WARN_BOOL_CONVERSION = YES;
				CLANG_WARN_COMMA = YES;
				CLANG_WARN_CONSTANT_CONVERSION = YES;
				CLANG_WARN_DEPRECATED_OBJC_IMPLEMENTATIONS = YES;
				CLANG_WARN_DIRECT_OBJC_ISA_USAGE = YES_ERROR;
				CLANG_WARN_DOCUMENTATION_COMMENTS = YES;
				CLANG_WARN_EMPTY_BODY = YES;
				CLANG_WARN_ENUM_CONVERSION = YES;
				CLANG_WARN_INFINITE_RECURSION = YES;
				CLANG_WARN_INT_CONVERSION = YES;
				CLANG_WARN_NON_LITERAL_NULL_CONVERSION = YES;
				CLANG_WARN_OBJC_IMPLICIT_RETAIN_SELF = YES;
				CLANG_WARN_OBJC_LITERAL_CONVERSION = YES;
				CLANG_WARN_OBJC_ROOT_CLASS = YES_ERROR;
				CLANG_WARN_QUOTED_INCLUDE_IN_FRAMEWORK_HEADER = YES;
				CLANG_WARN_RANGE_LOOP_ANALYSIS = YES;
				CLANG_WARN_STRICT_PROTOTYPES = YES;
				CLANG_WARN_SUSPICIOUS_MOVE = YES;
				CLANG_WARN_UNGUARDED_AVAILABILITY = YES_AGGRESSIVE;
				CLANG_WARN_UNREACHABLE_CODE = YES;
				CLANG_WARN__DUPLICATE_METHOD_MATCH = YES;
				COPY_PHASE_STRIP = NO;
				DEBUG_INFORMATION_FORMAT = dwarf;
				ENABLE_STRICT_OBJC_MSGSEND = YES;
				ENABLE_TESTABILITY = YES;
				GCC_C_LANGUAGE_STANDARD = gnu11;
				GCC_DYNAMIC_NO_PIC = NO;
				GCC_NO_COMMON_BLOCKS = YES;
				GCC_OPTIMIZATION_LEVEL = 0;
				GCC_PREPROCESSOR_DEFINITIONS = (
					"DEBUG=1",
					"$(inherited)",
				);
				GCC_WARN_64_TO_32_BIT_CONVERSION = YES;
				GCC_WARN_ABOUT_RETURN_TYPE = YES_ERROR;
				GCC_WARN_UNDECLARED_SELECTOR = YES;
				GCC_WARN_UNINITIALIZED_AUTOS = YES_AGGRESSIVE;
				GCC_WARN_UNUSED_FUNCTION = YES;
				GCC_WARN_UNUSED_VARIABLE = YES;
				IPHONEOS_DEPLOYMENT_TARGET = 15.5;
				MTL_ENABLE_DEBUG_INFO = INCLUDE_SOURCE;
				MTL_FAST_MATH = YES;
				ONLY_ACTIVE_ARCH = YES;
				SDKROOT = iphoneos;
				SWIFT_ACTIVE_COMPILATION_CONDITIONS = DEBUG;
				SWIFT_OPTIMIZATION_LEVEL = "-Onone";
			};
			name = Debug;
		};
		CA592F57285A816600DB9C6E /* Release */ = {
			isa = XCBuildConfiguration;
			buildSettings = {
				ALWAYS_SEARCH_USER_PATHS = NO;
				CLANG_ANALYZER_NONNULL = YES;
				CLANG_ANALYZER_NUMBER_OBJECT_CONVERSION = YES_AGGRESSIVE;
				CLANG_CXX_LANGUAGE_STANDARD = "gnu++17";
				CLANG_ENABLE_MODULES = YES;
				CLANG_ENABLE_OBJC_ARC = YES;
				CLANG_ENABLE_OBJC_WEAK = YES;
				CLANG_WARN_BLOCK_CAPTURE_AUTORELEASING = YES;
				CLANG_WARN_BOOL_CONVERSION = YES;
				CLANG_WARN_COMMA = YES;
				CLANG_WARN_CONSTANT_CONVERSION = YES;
				CLANG_WARN_DEPRECATED_OBJC_IMPLEMENTATIONS = YES;
				CLANG_WARN_DIRECT_OBJC_ISA_USAGE = YES_ERROR;
				CLANG_WARN_DOCUMENTATION_COMMENTS = YES;
				CLANG_WARN_EMPTY_BODY = YES;
				CLANG_WARN_ENUM_CONVERSION = YES;
				CLANG_WARN_INFINITE_RECURSION = YES;
				CLANG_WARN_INT_CONVERSION = YES;
				CLANG_WARN_NON_LITERAL_NULL_CONVERSION = YES;
				CLANG_WARN_OBJC_IMPLICIT_RETAIN_SELF = YES;
				CLANG_WARN_OBJC_LITERAL_CONVERSION = YES;
				CLANG_WARN_OBJC_ROOT_CLASS = YES_ERROR;
				CLANG_WARN_QUOTED_INCLUDE_IN_FRAMEWORK_HEADER = YES;
				CLANG_WARN_RANGE_LOOP_ANALYSIS = YES;
				CLANG_WARN_STRICT_PROTOTYPES = YES;
				CLANG_WARN_SUSPICIOUS_MOVE = YES;
				CLANG_WARN_UNGUARDED_AVAILABILITY = YES_AGGRESSIVE;
				CLANG_WARN_UNREACHABLE_CODE = YES;
				CLANG_WARN__DUPLICATE_METHOD_MATCH = YES;
				COPY_PHASE_STRIP = NO;
				DEBUG_INFORMATION_FORMAT = "dwarf-with-dsym";
				ENABLE_NS_ASSERTIONS = NO;
				ENABLE_STRICT_OBJC_MSGSEND = YES;
				GCC_C_LANGUAGE_STANDARD = gnu11;
				GCC_NO_COMMON_BLOCKS = YES;
				GCC_WARN_64_TO_32_BIT_CONVERSION = YES;
				GCC_WARN_ABOUT_RETURN_TYPE = YES_ERROR;
				GCC_WARN_UNDECLARED_SELECTOR = YES;
				GCC_WARN_UNINITIALIZED_AUTOS = YES_AGGRESSIVE;
				GCC_WARN_UNUSED_FUNCTION = YES;
				GCC_WARN_UNUSED_VARIABLE = YES;
				IPHONEOS_DEPLOYMENT_TARGET = 15.5;
				MTL_ENABLE_DEBUG_INFO = NO;
				MTL_FAST_MATH = YES;
				SDKROOT = iphoneos;
				SWIFT_COMPILATION_MODE = wholemodule;
				SWIFT_OPTIMIZATION_LEVEL = "-O";
				VALIDATE_PRODUCT = YES;
			};
			name = Release;
		};
		CA592F59285A816600DB9C6E /* Debug */ = {
			isa = XCBuildConfiguration;
			buildSettings = {
				ASSETCATALOG_COMPILER_APPICON_NAME = AppIcon;
				ASSETCATALOG_COMPILER_GLOBAL_ACCENT_COLOR_NAME = AccentColor;
				CODE_SIGN_STYLE = Automatic;
				CURRENT_PROJECT_VERSION = 1;
				DEVELOPMENT_ASSET_PATHS = "\"Protect Humanity/Preview Content\"";
				DEVELOPMENT_TEAM = 2LC23ZWZCU;
				ENABLE_PREVIEWS = YES;
				GENERATE_INFOPLIST_FILE = YES;
				INFOPLIST_KEY_UIApplicationSceneManifest_Generation = YES;
				INFOPLIST_KEY_UIApplicationSupportsIndirectInputEvents = YES;
				INFOPLIST_KEY_UILaunchScreen_Generation = YES;
				INFOPLIST_KEY_UISupportedInterfaceOrientations_iPad = "UIInterfaceOrientationPortrait UIInterfaceOrientationPortraitUpsideDown UIInterfaceOrientationLandscapeLeft UIInterfaceOrientationLandscapeRight";
				INFOPLIST_KEY_UISupportedInterfaceOrientations_iPhone = "UIInterfaceOrientationPortrait UIInterfaceOrientationLandscapeLeft UIInterfaceOrientationLandscapeRight";
				LD_RUNPATH_SEARCH_PATHS = (
					"$(inherited)",
					"@executable_path/Frameworks",
				);
				MARKETING_VERSION = 1.0;
				PRODUCT_BUNDLE_IDENTIFIER = "com.conner.yoon.Protect-Humanity";
				PRODUCT_NAME = "$(TARGET_NAME)";
				SWIFT_EMIT_LOC_STRINGS = YES;
				SWIFT_VERSION = 5.0;
				TARGETED_DEVICE_FAMILY = "1,2";
			};
			name = Debug;
		};
		CA592F5A285A816600DB9C6E /* Release */ = {
			isa = XCBuildConfiguration;
			buildSettings = {
				ASSETCATALOG_COMPILER_APPICON_NAME = AppIcon;
				ASSETCATALOG_COMPILER_GLOBAL_ACCENT_COLOR_NAME = AccentColor;
				CODE_SIGN_STYLE = Automatic;
				CURRENT_PROJECT_VERSION = 1;
				DEVELOPMENT_ASSET_PATHS = "\"Protect Humanity/Preview Content\"";
				DEVELOPMENT_TEAM = 2LC23ZWZCU;
				ENABLE_PREVIEWS = YES;
				GENERATE_INFOPLIST_FILE = YES;
				INFOPLIST_KEY_UIApplicationSceneManifest_Generation = YES;
				INFOPLIST_KEY_UIApplicationSupportsIndirectInputEvents = YES;
				INFOPLIST_KEY_UILaunchScreen_Generation = YES;
				INFOPLIST_KEY_UISupportedInterfaceOrientations_iPad = "UIInterfaceOrientationPortrait UIInterfaceOrientationPortraitUpsideDown UIInterfaceOrientationLandscapeLeft UIInterfaceOrientationLandscapeRight";
				INFOPLIST_KEY_UISupportedInterfaceOrientations_iPhone = "UIInterfaceOrientationPortrait UIInterfaceOrientationLandscapeLeft UIInterfaceOrientationLandscapeRight";
				LD_RUNPATH_SEARCH_PATHS = (
					"$(inherited)",
					"@executable_path/Frameworks",
				);
				MARKETING_VERSION = 1.0;
				PRODUCT_BUNDLE_IDENTIFIER = "com.conner.yoon.Protect-Humanity";
				PRODUCT_NAME = "$(TARGET_NAME)";
				SWIFT_EMIT_LOC_STRINGS = YES;
				SWIFT_VERSION = 5.0;
				TARGETED_DEVICE_FAMILY = "1,2";
			};
			name = Release;
		};
		CA9A7737285F96FC008BF79B /* Debug */ = {
			isa = XCBuildConfiguration;
			buildSettings = {
				BUNDLE_LOADER = "$(TEST_HOST)";
				CODE_SIGN_STYLE = Automatic;
				CURRENT_PROJECT_VERSION = 1;
				DEVELOPMENT_TEAM = 2LC23ZWZCU;
				GENERATE_INFOPLIST_FILE = YES;
				MARKETING_VERSION = 1.0;
				PRODUCT_BUNDLE_IDENTIFIER = "com.conner.yoon.Protect-HumanityTests";
				PRODUCT_NAME = "$(TARGET_NAME)";
				SWIFT_EMIT_LOC_STRINGS = NO;
				SWIFT_VERSION = 5.0;
				TARGETED_DEVICE_FAMILY = "1,2";
				TEST_HOST = "$(BUILT_PRODUCTS_DIR)/Protect_Humanity.app/Protect_Humanity";
			};
			name = Debug;
		};
		CA9A7738285F96FC008BF79B /* Release */ = {
			isa = XCBuildConfiguration;
			buildSettings = {
				BUNDLE_LOADER = "$(TEST_HOST)";
				CODE_SIGN_STYLE = Automatic;
				CURRENT_PROJECT_VERSION = 1;
				DEVELOPMENT_TEAM = 2LC23ZWZCU;
				GENERATE_INFOPLIST_FILE = YES;
				MARKETING_VERSION = 1.0;
				PRODUCT_BUNDLE_IDENTIFIER = "com.conner.yoon.Protect-HumanityTests";
				PRODUCT_NAME = "$(TARGET_NAME)";
				SWIFT_EMIT_LOC_STRINGS = NO;
				SWIFT_VERSION = 5.0;
				TARGETED_DEVICE_FAMILY = "1,2";
				TEST_HOST = "$(BUILT_PRODUCTS_DIR)/Protect_Humanity.app/Protect_Humanity";
			};
			name = Release;
		};
/* End XCBuildConfiguration section */

/* Begin XCConfigurationList section */
		CA592F45285A816500DB9C6E /* Build configuration list for PBXProject "Protect_Humanity" */ = {
			isa = XCConfigurationList;
			buildConfigurations = (
				CA592F56285A816600DB9C6E /* Debug */,
				CA592F57285A816600DB9C6E /* Release */,
			);
			defaultConfigurationIsVisible = 0;
			defaultConfigurationName = Release;
		};
		CA592F58285A816600DB9C6E /* Build configuration list for PBXNativeTarget "Protect_Humanity" */ = {
			isa = XCConfigurationList;
			buildConfigurations = (
				CA592F59285A816600DB9C6E /* Debug */,
				CA592F5A285A816600DB9C6E /* Release */,
			);
			defaultConfigurationIsVisible = 0;
			defaultConfigurationName = Release;
		};
		CA9A7739285F96FC008BF79B /* Build configuration list for PBXNativeTarget "Protect_HumanityTests" */ = {
			isa = XCConfigurationList;
			buildConfigurations = (
				CA9A7737285F96FC008BF79B /* Debug */,
				CA9A7738285F96FC008BF79B /* Release */,
			);
			defaultConfigurationIsVisible = 0;
			defaultConfigurationName = Release;
		};
/* End XCConfigurationList section */
	};
	rootObject = CA592F42285A816500DB9C6E /* Project object */;
}
